// !$*UTF8*$!
{
	archiveVersion = 1;
	classes = {
	};
	objectVersion = 46;
	objects = {

/* Begin PBXBuildFile section */
		D49B47751EEA957B00F56834 /* AppDelegate.swift in Sources */ = {isa = PBXBuildFile; fileRef = D49B47741EEA957B00F56834 /* AppDelegate.swift */; };
		D49B47771EEA957B00F56834 /* ViewController.swift in Sources */ = {isa = PBXBuildFile; fileRef = D49B47761EEA957B00F56834 /* ViewController.swift */; };
		D49B477A1EEA957B00F56834 /* Main.storyboard in Resources */ = {isa = PBXBuildFile; fileRef = D49B47781EEA957B00F56834 /* Main.storyboard */; };
		D49B477C1EEA957B00F56834 /* Assets.xcassets in Resources */ = {isa = PBXBuildFile; fileRef = D49B477B1EEA957B00F56834 /* Assets.xcassets */; };
		D49B477F1EEA957B00F56834 /* LaunchScreen.storyboard in Resources */ = {isa = PBXBuildFile; fileRef = D49B477D1EEA957B00F56834 /* LaunchScreen.storyboard */; };
		D49B47891EEA958F00F56834 /* UserNotifications.framework in Frameworks */ = {isa = PBXBuildFile; fileRef = D49B47871EEA958F00F56834 /* UserNotifications.framework */; };
		D49B478A1EEA958F00F56834 /* UserNotificationsUI.framework in Frameworks */ = {isa = PBXBuildFile; fileRef = D49B47881EEA958F00F56834 /* UserNotificationsUI.framework */; };
/* End PBXBuildFile section */

/* Begin PBXFileReference section */
		D49B47711EEA957B00F56834 /* UserNotification.app */ = {isa = PBXFileReference; explicitFileType = wrapper.application; includeInIndex = 0; path = UserNotification.app; sourceTree = BUILT_PRODUCTS_DIR; };
		D49B47741EEA957B00F56834 /* AppDelegate.swift */ = {isa = PBXFileReference; lastKnownFileType = sourcecode.swift; path = AppDelegate.swift; sourceTree = "<group>"; };
		D49B47761EEA957B00F56834 /* ViewController.swift */ = {isa = PBXFileReference; lastKnownFileType = sourcecode.swift; path = ViewController.swift; sourceTree = "<group>"; };
		D49B47791EEA957B00F56834 /* Base */ = {isa = PBXFileReference; lastKnownFileType = file.storyboard; name = Base; path = Base.lproj/Main.storyboard; sourceTree = "<group>"; };
		D49B477B1EEA957B00F56834 /* Assets.xcassets */ = {isa = PBXFileReference; lastKnownFileType = folder.assetcatalog; path = Assets.xcassets; sourceTree = "<group>"; };
		D49B477E1EEA957B00F56834 /* Base */ = {isa = PBXFileReference; lastKnownFileType = file.storyboard; name = Base; path = Base.lproj/LaunchScreen.storyboard; sourceTree = "<group>"; };
		D49B47801EEA957B00F56834 /* Info.plist */ = {isa = PBXFileReference; lastKnownFileType = text.plist.xml; path = Info.plist; sourceTree = "<group>"; };
		D49B47871EEA958F00F56834 /* UserNotifications.framework */ = {isa = PBXFileReference; lastKnownFileType = wrapper.framework; name = UserNotifications.framework; path = System/Library/Frameworks/UserNotifications.framework; sourceTree = SDKROOT; };
		D49B47881EEA958F00F56834 /* UserNotificationsUI.framework */ = {isa = PBXFileReference; lastKnownFileType = wrapper.framework; name = UserNotificationsUI.framework; path = System/Library/Frameworks/UserNotificationsUI.framework; sourceTree = SDKROOT; };
/* End PBXFileReference section */

/* Begin PBXFrameworksBuildPhase section */
		D49B476E1EEA957B00F56834 /* Frameworks */ = {
			isa = PBXFrameworksBuildPhase;
			buildActionMask = 2147483647;
			files = (
				D49B47891EEA958F00F56834 /* UserNotifications.framework in Frameworks */,
				D49B478A1EEA958F00F56834 /* UserNotificationsUI.framework in Frameworks */,
			);
			runOnlyForDeploymentPostprocessing = 0;
		};
/* End PBXFrameworksBuildPhase section */

/* Begin PBXGroup section */
		D49B47681EEA957A00F56834 = {
			isa = PBXGroup;
			children = (
				D49B47731EEA957B00F56834 /* UserNotification */,
				D49B47721EEA957B00F56834 /* Products */,
				D49B47861EEA958F00F56834 /* Frameworks */,
			);
			sourceTree = "<group>";
		};
		D49B47721EEA957B00F56834 /* Products */ = {
			isa = PBXGroup;
			children = (
				D49B47711EEA957B00F56834 /* UserNotification.app */,
			);
			name = Products;
			sourceTree = "<group>";
		};
		D49B47731EEA957B00F56834 /* UserNotification */ = {
			isa = PBXGroup;
			children = (
				D49B47741EEA957B00F56834 /* AppDelegate.swift */,
				D49B47761EEA957B00F56834 /* ViewController.swift */,
				D49B47781EEA957B00F56834 /* Main.storyboard */,
				D49B477B1EEA957B00F56834 /* Assets.xcassets */,
				D49B477D1EEA957B00F56834 /* LaunchScreen.storyboard */,
				D49B47801EEA957B00F56834 /* Info.plist */,
			);
			path = UserNotification;
			sourceTree = "<group>";
		};
		D49B47861EEA958F00F56834 /* Frameworks */ = {
			isa = PBXGroup;
			children = (
				D49B47871EEA958F00F56834 /* UserNotifications.framework */,
				D49B47881EEA958F00F56834 /* UserNotificationsUI.framework */,
			);
			name = Frameworks;
			sourceTree = "<group>";
		};
/* End PBXGroup section */

/* Begin PBXNativeTarget section */
		D49B47701EEA957B00F56834 /* UserNotification */ = {
			isa = PBXNativeTarget;
			buildConfigurationList = D49B47831EEA957B00F56834 /* Build configuration list for PBXNativeTarget "UserNotification" */;
			buildPhases = (
				D49B476D1EEA957B00F56834 /* Sources */,
				D49B476E1EEA957B00F56834 /* Frameworks */,
				D49B476F1EEA957B00F56834 /* Resources */,
			);
			buildRules = (
			);
			dependencies = (
			);
			name = UserNotification;
			productName = UserNotification;
			productReference = D49B47711EEA957B00F56834 /* UserNotification.app */;
			productType = "com.apple.product-type.application";
		};
/* End PBXNativeTarget section */

/* Begin PBXProject section */
		D49B47691EEA957A00F56834 /* Project object */ = {
			isa = PBXProject;
			attributes = {
				LastSwiftUpdateCheck = 0830;
				LastUpgradeCheck = 0830;
				ORGANIZATIONNAME = "Pixabit Infotech";
				TargetAttributes = {
					D49B47701EEA957B00F56834 = {
						CreatedOnToolsVersion = 8.3.2;
						DevelopmentTeam = 4MYHUYPTLJ;
						ProvisioningStyle = Automatic;
					};
				};
			};
			buildConfigurationList = D49B476C1EEA957A00F56834 /* Build configuration list for PBXProject "UserNotification" */;
			compatibilityVersion = "Xcode 3.2";
			developmentRegion = English;
			hasScannedForEncodings = 0;
			knownRegions = (
				en,
				Base,
			);
			mainGroup = D49B47681EEA957A00F56834;
			productRefGroup = D49B47721EEA957B00F56834 /* Products */;
			projectDirPath = "";
			projectRoot = "";
			targets = (
				D49B47701EEA957B00F56834 /* UserNotification */,
			);
		};
/* End PBXProject section */

/* Begin PBXResourcesBuildPhase section */
		D49B476F1EEA957B00F56834 /* Resources */ = {
			isa = PBXResourcesBuildPhase;
			buildActionMask = 2147483647;
			files = (
				D49B477F1EEA957B00F56834 /* LaunchScreen.storyboard in Resources */,
				D49B477C1EEA957B00F56834 /* Assets.xcassets in Resources */,
				D49B477A1EEA957B00F56834 /* Main.storyboard in Resources */,
			);
			runOnlyForDeploymentPostprocessing = 0;
		};
/* End PBXResourcesBuildPhase section */

/* Begin PBXSourcesBuildPhase section */
		D49B476D1EEA957B00F56834 /* Sources */ = {
			isa = PBXSourcesBuildPhase;
			buildActionMask = 2147483647;
			files = (
				D49B47771EEA957B00F56834 /* ViewController.swift in Sources */,
				D49B47751EEA957B00F56834 /* AppDelegate.swift in Sources */,
			);
			runOnlyForDeploymentPostprocessing = 0;
		};
/* End PBXSourcesBuildPhase section */

/* Begin PBXVariantGroup section */
		D49B47781EEA957B00F56834 /* Main.storyboard */ = {
			isa = PBXVariantGroup;
			children = (
				D49B47791EEA957B00F56834 /* Base */,
			);
			name = Main.storyboard;
			sourceTree = "<group>";
		};
		D49B477D1EEA957B00F56834 /* LaunchScreen.storyboard */ = {
			isa = PBXVariantGroup;
			children = (
				D49B477E1EEA957B00F56834 /* Base */,
			);
			name = LaunchScreen.storyboard;
			sourceTree = "<group>";
		};
/* End PBXVariantGroup section */

/* Begin XCBuildConfiguration section */
		D49B47811EEA957B00F56834 /* Debug */ = {
			isa = XCBuildConfiguration;
			buildSettings = {
				ALWAYS_SEARCH_USER_PATHS = NO;
				CLANG_ANALYZER_NONNULL = YES;
				CLANG_ANALYZER_NUMBER_OBJECT_CONVERSION = YES_AGGRESSIVE;
				CLANG_CXX_LANGUAGE_STANDARD = "gnu++0x";
				CLANG_CXX_LIBRARY = "libc++";
				CLANG_ENABLE_MODULES = YES;
				CLANG_ENABLE_OBJC_ARC = YES;
				CLANG_WARN_BOOL_CONVERSION = YES;
				CLANG_WARN_CONSTANT_CONVERSION = YES;
				CLANG_WARN_DIRECT_OBJC_ISA_USAGE = YES_ERROR;
				CLANG_WARN_DOCUMENTATION_COMMENTS = YES;
				CLANG_WARN_EMPTY_BODY = YES;
				CLANG_WARN_ENUM_CONVERSION = YES;
				CLANG_WARN_INFINITE_RECURSION = YES;
				CLANG_WARN_INT_CONVERSION = YES;
				CLANG_WARN_OBJC_ROOT_CLASS = YES_ERROR;
				CLANG_WARN_SUSPICIOUS_MOVE = YES;
				CLANG_WARN_UNREACHABLE_CODE = YES;
				CLANG_WARN__DUPLICATE_METHOD_MATCH = YES;
				"CODE_SIGN_IDENTITY[sdk=iphoneos*]" = "iPhone Developer";
				COPY_PHASE_STRIP = NO;
				DEBUG_INFORMATION_FORMAT = dwarf;
				ENABLE_STRICT_OBJC_MSGSEND = YES;
				ENABLE_TESTABILITY = YES;
				GCC_C_LANGUAGE_STANDARD = gnu99;
				GCC_DYNAMIC_NO_PIC = NO;
				GCC_NO_COMMON_BLOCKS = YES;
				GCC_OPTIMIZATION_LEVEL = 0;
				GCC_PREPROCESSOR_DEFINITIONS = (
					"DEBUG=1",
					"$(inherited)",
				);
				GCC_WARN_64_TO_32_BIT_CONVERSION = YES;
				GCC_WARN_ABOUT_RETURN_TYPE = YES_ERROR;
				GCC_WARN_UNDECLARED_SELECTOR = YES;
				GCC_WARN_UNINITIALIZED_AUTOS = YES_AGGRESSIVE;
				GCC_WARN_UNUSED_FUNCTION = YES;
				GCC_WARN_UNUSED_VARIABLE = YES;
				IPHONEOS_DEPLOYMENT_TARGET = 10.3;
				MTL_ENABLE_DEBUG_INFO = YES;
				ONLY_ACTIVE_ARCH = YES;
				SDKROOT = iphoneos;
				SWIFT_ACTIVE_COMPILATION_CONDITIONS = DEBUG;
				SWIFT_OPTIMIZATION_LEVEL = "-Onone";
			};
			name = Debug;
		};
		D49B47821EEA957B00F56834 /* Release */ = {
			isa = XCBuildConfiguration;
			buildSettings = {
				ALWAYS_SEARCH_USER_PATHS = NO;
				CLANG_ANALYZER_NONNULL = YES;
				CLANG_ANALYZER_NUMBER_OBJECT_CONVERSION = YES_AGGRESSIVE;
				CLANG_CXX_LANGUAGE_STANDARD = "gnu++0x";
				CLANG_CXX_LIBRARY = "libc++";
				CLANG_ENABLE_MODULES = YES;
				CLANG_ENABLE_OBJC_ARC = YES;
				CLANG_WARN_BOOL_CONVERSION = YES;
				CLANG_WARN_CONSTANT_CONVERSION = YES;
				CLANG_WARN_DIRECT_OBJC_ISA_USAGE = YES_ERROR;
				CLANG_WARN_DOCUMENTATION_COMMENTS = YES;
				CLANG_WARN_EMPTY_BODY = YES;
				CLANG_WARN_ENUM_CONVERSION = YES;
				CLANG_WARN_INFINITE_RECURSION = YES;
				CLANG_WARN_INT_CONVERSION = YES;
				CLANG_WARN_OBJC_ROOT_CLASS = YES_ERROR;
				CLANG_WARN_SUSPICIOUS_MOVE = YES;
				CLANG_WARN_UNREACHABLE_CODE = YES;
				CLANG_WARN__DUPLICATE_METHOD_MATCH = YES;
				"CODE_SIGN_IDENTITY[sdk=iphoneos*]" = "iPhone Developer";
				COPY_PHASE_STRIP = NO;
				DEBUG_INFORMATION_FORMAT = "dwarf-with-dsym";
				ENABLE_NS_ASSERTIONS = NO;
				ENABLE_STRICT_OBJC_MSGSEND = YES;
				GCC_C_LANGUAGE_STANDARD = gnu99;
				GCC_NO_COMMON_BLOCKS = YES;
				GCC_WARN_64_TO_32_BIT_CONVERSION = YES;
				GCC_WARN_ABOUT_RETURN_TYPE = YES_ERROR;
				GCC_WARN_UNDECLARED_SELECTOR = YES;
				GCC_WARN_UNINITIALIZED_AUTOS = YES_AGGRESSIVE;
				GCC_WARN_UNUSED_FUNCTION = YES;
				GCC_WARN_UNUSED_VARIABLE = YES;
				IPHONEOS_DEPLOYMENT_TARGET = 10.3;
				MTL_ENABLE_DEBUG_INFO = NO;
				SDKROOT = iphoneos;
				SWIFT_OPTIMIZATION_LEVEL = "-Owholemodule";
				VALIDATE_PRODUCT = YES;
			};
			name = Release;
		};
		D49B47841EEA957B00F56834 /* Debug */ = {
			isa = XCBuildConfiguration;
			buildSettings = {
				ASSETCATALOG_COMPILER_APPICON_NAME = AppIcon;
				DEVELOPMENT_TEAM = 4MYHUYPTLJ;
				INFOPLIST_FILE = UserNotification/Info.plist;
				LD_RUNPATH_SEARCH_PATHS = "$(inherited) @executable_path/Frameworks";
				PRODUCT_BUNDLE_IDENTIFIER = com.pixabitinfotech.UserNotification;
				PRODUCT_NAME = "$(TARGET_NAME)";
				SWIFT_VERSION = 3.0;
			};
			name = Debug;
		};
		D49B47851EEA957B00F56834 /* Release */ = {
			isa = XCBuildConfiguration;
			buildSettings = {
				ASSETCATALOG_COMPILER_APPICON_NAME = AppIcon;
				DEVELOPMENT_TEAM = 4MYHUYPTLJ;
				INFOPLIST_FILE = UserNotification/Info.plist;
				LD_RUNPATH_SEARCH_PATHS = "$(inherited) @executable_path/Frameworks";
				PRODUCT_BUNDLE_IDENTIFIER = com.pixabitinfotech.UserNotification;
				PRODUCT_NAME = "$(TARGET_NAME)";
				SWIFT_VERSION = 3.0;
			};
			name = Release;
		};
/* End XCBuildConfiguration section */

/* Begin XCConfigurationList section */
		D49B476C1EEA957A00F56834 /* Build configuration list for PBXProject "UserNotification" */ = {
			isa = XCConfigurationList;
			buildConfigurations = (
				D49B47811EEA957B00F56834 /* Debug */,
				D49B47821EEA957B00F56834 /* Release */,
			);
			defaultConfigurationIsVisible = 0;
			defaultConfigurationName = Release;
		};
		D49B47831EEA957B00F56834 /* Build configuration list for PBXNativeTarget "UserNotification" */ = {
			isa = XCConfigurationList;
			buildConfigurations = (
				D49B47841EEA957B00F56834 /* Debug */,
				D49B47851EEA957B00F56834 /* Release */,
			);
			defaultConfigurationIsVisible = 0;
		};
/* End XCConfigurationList section */
	};
	rootObject = D49B47691EEA957A00F56834 /* Project object */;
}
